# THIS IS AN AUTOGENERATED FILE. DO NOT EDIT THIS FILE DIRECTLY.
# yarn lockfile v1


"@aws-crypto/crc32@^1.0.0":
  version "1.0.0"
  resolved "https://registry.yarnpkg.com/@aws-crypto/crc32/-/crc32-1.0.0.tgz#6a0164fd92bb365860ba6afb5dfef449701eb8ca"
  integrity sha512-wr4EyCv3ZfLH3Sg7FErV6e/cLhpk9rUP/l5322y8PRgpQsItdieaLbtE4aDOR+dxl8U7BG9FIwWXH4TleTDZ9A==
  dependencies:
    tslib "^1.11.1"

"@aws-crypto/ie11-detection@^1.0.0":
  version "1.0.0"
  resolved "https://registry.yarnpkg.com/@aws-crypto/ie11-detection/-/ie11-detection-1.0.0.tgz#d3a6af29ba7f15458f79c41d1cd8cac3925e726a"
  integrity sha512-kCKVhCF1oDxFYgQrxXmIrS5oaWulkvRcPz+QBDMsUr2crbF4VGgGT6+uQhSwJFdUAQ2A//Vq+uT83eJrkzFgXA==
  dependencies:
    tslib "^1.11.1"

"@aws-crypto/sha256-browser@^1.0.0":
  version "1.1.0"
  resolved "https://registry.yarnpkg.com/@aws-crypto/sha256-browser/-/sha256-browser-1.1.0.tgz#20092cc6c08d8f04db0ed57b6f05cff150384f77"
  integrity sha512-VIpuLRDonMAHgomrsm/zKbeXTnxpr4aHDQmS4pF+NcpvBp64l675yjGA9hyUYs/QJwBjUl8WqMjh9tIRgi85Sg==
  dependencies:
    "@aws-crypto/ie11-detection" "^1.0.0"
    "@aws-crypto/sha256-js" "^1.1.0"
    "@aws-crypto/supports-web-crypto" "^1.0.0"
    "@aws-sdk/types" "^3.1.0"
    "@aws-sdk/util-locate-window" "^3.0.0"
    "@aws-sdk/util-utf8-browser" "^3.0.0"
    tslib "^1.11.1"

"@aws-crypto/sha256-js@^1.0.0", "@aws-crypto/sha256-js@^1.1.0":
  version "1.1.0"
  resolved "https://registry.yarnpkg.com/@aws-crypto/sha256-js/-/sha256-js-1.1.0.tgz#a58386ad18186e392e0f1d98d18831261d27b071"
  integrity sha512-VIhuqbPgXDVr8sZe2yhgQcDRRmzf4CI8fmC1A3bHiRfE6wlz1d8KpeemqbuoEHotz/Dch9yOxlshyQDNjNFeHA==
  dependencies:
    "@aws-sdk/types" "^3.1.0"
    "@aws-sdk/util-utf8-browser" "^3.0.0"
    tslib "^1.11.1"

"@aws-crypto/supports-web-crypto@^1.0.0":
  version "1.0.0"
  resolved "https://registry.yarnpkg.com/@aws-crypto/supports-web-crypto/-/supports-web-crypto-1.0.0.tgz#c40901bc17ac1e875e248df16a2b47ad8bfd9a93"
  integrity sha512-IHLfv+WmVH89EW4n6a5eE8/hUlz6qkWGMn/v4r5ZgzcXdTC5nolii2z3k46y01hWRiC2PPhOdeSLzMUCUMco7g==
  dependencies:
    tslib "^1.11.1"

"@aws-sdk/abort-controller@3.4.0":
  version "3.4.0"
  resolved "https://registry.yarnpkg.com/@aws-sdk/abort-controller/-/abort-controller-3.4.0.tgz#cbf6cef8373cb101412df4f5bf477bcb3ebeca72"
  integrity sha512-XditnlqDr6/owaaFVvMDsfXhd/k17U1Kz8QdWr+lV5ZoSxl5EhPcSa/vr6val9qQY/EGg6QfUVrpqO8bewdTZg==
  dependencies:
    "@aws-sdk/types" "3.4.0"
    tslib "^1.8.0"

"@aws-sdk/client-kinesis@^3.4.0":
  version "3.4.0"
  resolved "https://registry.yarnpkg.com/@aws-sdk/client-kinesis/-/client-kinesis-3.4.0.tgz#cc7248681cfb91cbd947e554effd462110ee8fbf"
  integrity sha512-PasKYci6ZeyT+X45rJRGloxZaQql0nW4jQl07HJkjVy8bI3SBq32pGu8ckx6Ex4IwBCDMh7DN2cmT1zN4Vi2LQ==
  dependencies:
    "@aws-crypto/sha256-browser" "^1.0.0"
    "@aws-crypto/sha256-js" "^1.0.0"
    "@aws-sdk/config-resolver" "3.4.0"
    "@aws-sdk/credential-provider-node" "3.4.0"
    "@aws-sdk/eventstream-serde-browser" "3.4.0"
    "@aws-sdk/eventstream-serde-config-resolver" "3.4.0"
    "@aws-sdk/eventstream-serde-node" "3.4.0"
    "@aws-sdk/fetch-http-handler" "3.4.0"
    "@aws-sdk/hash-node" "3.4.0"
    "@aws-sdk/invalid-dependency" "3.4.0"
    "@aws-sdk/middleware-content-length" "3.4.0"
    "@aws-sdk/middleware-host-header" "3.4.0"
    "@aws-sdk/middleware-logger" "3.4.0"
    "@aws-sdk/middleware-retry" "3.4.0"
    "@aws-sdk/middleware-serde" "3.4.0"
    "@aws-sdk/middleware-signing" "3.4.0"
    "@aws-sdk/middleware-stack" "3.4.0"
    "@aws-sdk/middleware-user-agent" "3.4.0"
    "@aws-sdk/node-config-provider" "3.4.0"
    "@aws-sdk/node-http-handler" "3.4.0"
    "@aws-sdk/protocol-http" "3.4.0"
    "@aws-sdk/smithy-client" "3.4.0"
    "@aws-sdk/types" "3.4.0"
    "@aws-sdk/url-parser" "3.4.0"
    "@aws-sdk/url-parser-native" "3.4.0"
    "@aws-sdk/util-base64-browser" "3.4.0"
    "@aws-sdk/util-base64-node" "3.4.0"
    "@aws-sdk/util-body-length-browser" "3.4.0"
    "@aws-sdk/util-body-length-node" "3.4.0"
    "@aws-sdk/util-user-agent-browser" "3.4.0"
    "@aws-sdk/util-user-agent-node" "3.4.0"
    "@aws-sdk/util-utf8-browser" "3.4.0"
    "@aws-sdk/util-utf8-node" "3.4.0"
    "@aws-sdk/util-waiter" "3.4.0"
    tslib "^2.0.0"

"@aws-sdk/config-resolver@3.4.0":
  version "3.4.0"
  resolved "https://registry.yarnpkg.com/@aws-sdk/config-resolver/-/config-resolver-3.4.0.tgz#c4fd9259feb0407033816b9ba1f14647c4bf3acf"
  integrity sha512-K7tlGZH0vt7brcxN9A7xlmYGtgx8t0p9fUl6qnLZdKoCTKAE03kso49T4ZiBxYT4zKhiRGzWU3UN1RW2fp+A0Q==
  dependencies:
    "@aws-sdk/signature-v4" "3.4.0"
    "@aws-sdk/types" "3.4.0"
    tslib "^1.8.0"

"@aws-sdk/credential-provider-env@3.4.0":
  version "3.4.0"
  resolved "https://registry.yarnpkg.com/@aws-sdk/credential-provider-env/-/credential-provider-env-3.4.0.tgz#181ffe71fc50c45b7dc97661a45135df3540df4d"
  integrity sha512-Cemya70ddte8bQKjpnjhKXqZhmWVAVfdBckf26CnWD36DZAqFCkK4Qk060cK/5dzGiEXpXGuuXToW+0A5nil4A==
  dependencies:
    "@aws-sdk/property-provider" "3.4.0"
    "@aws-sdk/types" "3.4.0"
    tslib "^1.8.0"

"@aws-sdk/credential-provider-imds@3.4.0":
  version "3.4.0"
  resolved "https://registry.yarnpkg.com/@aws-sdk/credential-provider-imds/-/credential-provider-imds-3.4.0.tgz#4d7a1452e520380589d95917ec1365648bd9af2f"
  integrity sha512-1hoXZi9UMNOXVwSgKmv1iZk1reLx15mgDWoEZgjISTDAet3PILNCpgyqr/zxIIxvRE6vbpeTVgmtxQVJcx+Beg==
  dependencies:
    "@aws-sdk/property-provider" "3.4.0"
    "@aws-sdk/types" "3.4.0"
    tslib "^1.8.0"

"@aws-sdk/credential-provider-ini@3.4.0":
  version "3.4.0"
  resolved "https://registry.yarnpkg.com/@aws-sdk/credential-provider-ini/-/credential-provider-ini-3.4.0.tgz#e72765bf7845eca395ab6e24ee3a45b38143e667"
  integrity sha512-Dam7VCzFYhwrLAHlUPI6B+FiJXNxkswGdA9vPl5kv9Vl07wycx37x4OfBii4KjgXlzxyuDfV2qO0lMjxwORGMQ==
  dependencies:
    "@aws-sdk/property-provider" "3.4.0"
    "@aws-sdk/shared-ini-file-loader" "3.4.0"
    "@aws-sdk/types" "3.4.0"
    tslib "^1.8.0"

"@aws-sdk/credential-provider-node@3.4.0":
  version "3.4.0"
  resolved "https://registry.yarnpkg.com/@aws-sdk/credential-provider-node/-/credential-provider-node-3.4.0.tgz#13c31bd9671dbc064da8ba1f554da812d60e1e48"
  integrity sha512-2P04BiN6wyyCiT1DXpHA81a7O5Ud18JQKaDq949qsPFbylIbV4usgkVKE4LgVcRO6sHzEEm+7muViCXjC3LtkA==
  dependencies:
    "@aws-sdk/credential-provider-env" "3.4.0"
    "@aws-sdk/credential-provider-imds" "3.4.0"
    "@aws-sdk/credential-provider-ini" "3.4.0"
    "@aws-sdk/credential-provider-process" "3.4.0"
    "@aws-sdk/property-provider" "3.4.0"
    "@aws-sdk/types" "3.4.0"
    tslib "^1.8.0"

"@aws-sdk/credential-provider-process@3.4.0":
  version "3.4.0"
  resolved "https://registry.yarnpkg.com/@aws-sdk/credential-provider-process/-/credential-provider-process-3.4.0.tgz#6e427ecbb4a3056bb8c653242890907a3cf258ba"
  integrity sha512-Jc/YkHiABdshHJq1gZ89nXPdmJ6XFviF3ETpA17Ez+ZQ54/G5V3Juslc7Q/m9Ik/BiqiyN6psoocqTaJjVwclA==
  dependencies:
    "@aws-sdk/credential-provider-ini" "3.4.0"
    "@aws-sdk/property-provider" "3.4.0"
    "@aws-sdk/shared-ini-file-loader" "3.4.0"
    "@aws-sdk/types" "3.4.0"
    tslib "^1.8.0"

"@aws-sdk/eventstream-marshaller@3.4.0":
  version "3.4.0"
  resolved "https://registry.yarnpkg.com/@aws-sdk/eventstream-marshaller/-/eventstream-marshaller-3.4.0.tgz#e4f71c425846673e50e29955172ef66a435a4b9e"
  integrity sha512-+A9cU4osji6fQUmR9KcpwZZuyCsjkC+XaBwnqImOiXhtNpRDyN7StE0RecR94jO6PP//JR1cNarIbMVioUQ5vw==
  dependencies:
    "@aws-crypto/crc32" "^1.0.0"
    "@aws-sdk/types" "3.4.0"
    "@aws-sdk/util-hex-encoding" "3.4.0"
    tslib "^1.8.0"

"@aws-sdk/eventstream-serde-browser@3.4.0":
  version "3.4.0"
  resolved "https://registry.yarnpkg.com/@aws-sdk/eventstream-serde-browser/-/eventstream-serde-browser-3.4.0.tgz#a9267b8b194a9cfde45acbde6545d59a6fc09643"
  integrity sha512-BonkHMXnQ2NNYvihcjMmVSjooxMYxf4FjpeFUzO1hmgjHXNptj9JVzVYrS8XUycV5hN8zFL2qnwu+CDjaEVbIg==
  dependencies:
    "@aws-sdk/eventstream-marshaller" "3.4.0"
    "@aws-sdk/eventstream-serde-universal" "3.4.0"
    "@aws-sdk/types" "3.4.0"
    tslib "^1.8.0"

"@aws-sdk/eventstream-serde-config-resolver@3.4.0":
  version "3.4.0"
  resolved "https://registry.yarnpkg.com/@aws-sdk/eventstream-serde-config-resolver/-/eventstream-serde-config-resolver-3.4.0.tgz#b0d1b94339b789b27c30a79e1dfaf7e6a89e66ef"
  integrity sha512-E2JufnY3hEhoyYHeFYNM3I+xhNqvJXDrl6xR6h0YjZv6OJJ2ToDV723V8ZGhF5QzCvx5x+uzI0KTs3fk9wlOCA==
  dependencies:
    "@aws-sdk/types" "3.4.0"
    tslib "^1.8.0"

"@aws-sdk/eventstream-serde-node@3.4.0":
  version "3.4.0"
  resolved "https://registry.yarnpkg.com/@aws-sdk/eventstream-serde-node/-/eventstream-serde-node-3.4.0.tgz#f43d81ab0c1c9ee596222bcb204b7a0e73cfb48a"
  integrity sha512-BJN0hQudwxuRlY9CHgZJiDd7tV7cFYL8UfMPc3KTAVqJR7qtsdxP096U+Tf8rqAvtweb22XxaULc+RzpI7W81Q==
  dependencies:
    "@aws-sdk/eventstream-marshaller" "3.4.0"
    "@aws-sdk/eventstream-serde-universal" "3.4.0"
    "@aws-sdk/types" "3.4.0"
    tslib "^1.8.0"

"@aws-sdk/eventstream-serde-universal@3.4.0":
  version "3.4.0"
  resolved "https://registry.yarnpkg.com/@aws-sdk/eventstream-serde-universal/-/eventstream-serde-universal-3.4.0.tgz#52b79b2e9be9589e6edfa4d9ac5ac51c10fd7ff4"
  integrity sha512-W+aa1sRin2B5Lk1gAtRpKhp5q3dI9OT368J4e3Nn6l4r1B/UwzbJI8kSiJfHTjNLVLo8oJhTEt+2BaDXq1NNUQ==
  dependencies:
    "@aws-sdk/eventstream-marshaller" "3.4.0"
    "@aws-sdk/types" "3.4.0"
    tslib "^1.8.0"

"@aws-sdk/fetch-http-handler@3.4.0":
  version "3.4.0"
  resolved "https://registry.yarnpkg.com/@aws-sdk/fetch-http-handler/-/fetch-http-handler-3.4.0.tgz#efc4c754f49ba2fab6c3998c879f4ced81e264f5"
  integrity sha512-UErsrUkPc7DEOAAFYtYvJLQ5RDrAhn2Kk7vTyBqp9A938CaPy9tP6OO4W9pEVrB3lr0flKpbmD16qLXa16NJDg==
  dependencies:
    "@aws-sdk/protocol-http" "3.4.0"
    "@aws-sdk/querystring-builder" "3.4.0"
    "@aws-sdk/types" "3.4.0"
    "@aws-sdk/util-base64-browser" "3.4.0"
    tslib "^1.8.0"

"@aws-sdk/hash-node@3.4.0":
  version "3.4.0"
  resolved "https://registry.yarnpkg.com/@aws-sdk/hash-node/-/hash-node-3.4.0.tgz#c0e7d543f60b3ff1f99d5b3e036f80882c2ee0fd"
  integrity sha512-9z42rRGgnYTDZpLvb1wgCHKQPYMnnQA1ceYP/JS9BZf0I+4Eam6c60Tr0Qz/Z862C7C1LTlr7yMjrPJXUl3WSA==
  dependencies:
    "@aws-sdk/types" "3.4.0"
    "@aws-sdk/util-buffer-from" "3.4.0"
    tslib "^1.8.0"

"@aws-sdk/invalid-dependency@3.4.0":
  version "3.4.0"
  resolved "https://registry.yarnpkg.com/@aws-sdk/invalid-dependency/-/invalid-dependency-3.4.0.tgz#d90a9f9748d85d3663d4815b289ea55534cea437"
  integrity sha512-InQ68lLfg1jb1rz7Z+w4JJD1OzYjCFkhKUHpm2O+D2MRDvpfc52bki5JFJE4DL2XGAl52BPAfJZHIT+UDvR22g==
  dependencies:
    "@aws-sdk/types" "3.4.0"
    tslib "^1.8.0"

"@aws-sdk/is-array-buffer@3.4.0":
  version "3.4.0"
  resolved "https://registry.yarnpkg.com/@aws-sdk/is-array-buffer/-/is-array-buffer-3.4.0.tgz#c51bf711e9033b71b030c22c9c5fb00f781cd12f"
  integrity sha512-W7uO7S10NITz+WindIra5Wxub1D8FYt/NfL4wxmS0fzSps69yLcz92o/AAdcsdweuUfRbMT/OBSbps4td6qkHg==
  dependencies:
    tslib "^1.8.0"

"@aws-sdk/middleware-content-length@3.4.0":
  version "3.4.0"
  resolved "https://registry.yarnpkg.com/@aws-sdk/middleware-content-length/-/middleware-content-length-3.4.0.tgz#793678ed39ef8de45a6caee2bd67969ac879ac27"
  integrity sha512-PPUkahBR1wrxCf9vMtDFv6oergZ6RdB2LSKjH3HCvdmEQ+pjP8R8i/YdrJBPpTX62z43U6Gw9cvtVpWeamTSyg==
  dependencies:
    "@aws-sdk/protocol-http" "3.4.0"
    "@aws-sdk/types" "3.4.0"
    tslib "^1.8.0"

"@aws-sdk/middleware-host-header@3.4.0":
  version "3.4.0"
  resolved "https://registry.yarnpkg.com/@aws-sdk/middleware-host-header/-/middleware-host-header-3.4.0.tgz#79036f54901ae8078c7dc58aa711f0751d9be4c5"
  integrity sha512-lec1LiES/QELwV0IsbWRaviwIQt5p6qxh5t4dEWh3BzpZf918x1X4TzkNjIiSeGPF6wTNtndzf69V+dFRKe3hA==
  dependencies:
    "@aws-sdk/protocol-http" "3.4.0"
    "@aws-sdk/types" "3.4.0"
    tslib "^1.8.0"

"@aws-sdk/middleware-logger@3.4.0":
  version "3.4.0"
  resolved "https://registry.yarnpkg.com/@aws-sdk/middleware-logger/-/middleware-logger-3.4.0.tgz#365d30d635c7c0db052e14919b754c3be9ca3c92"
  integrity sha512-naFbwexzOP69OBp7aU/+pMCitthpVhIVixDIQQtOJSsu0HBk3XufAdv1nYoUOAdYKjlzR0DJpYfzPsJBhxlhDQ==
  dependencies:
    "@aws-sdk/types" "3.4.0"
    tslib "^1.8.0"

"@aws-sdk/middleware-retry@3.4.0":
  version "3.4.0"
  resolved "https://registry.yarnpkg.com/@aws-sdk/middleware-retry/-/middleware-retry-3.4.0.tgz#810d6484e76d4920d4ef38ed82294a313337cea8"
  integrity sha512-UaqcWynP7ujIyyWS/FbfpbaAL/rT3F0EF0KqZBUvY1hKIKoDqtozQF/lkuSWDMI9r2KV7i/PH3/YhZYNGnlcuw==
  dependencies:
    "@aws-sdk/protocol-http" "3.4.0"
    "@aws-sdk/service-error-classification" "3.4.0"
    "@aws-sdk/types" "3.4.0"
    react-native-get-random-values "^1.4.0"
    tslib "^1.8.0"
    uuid "^3.0.0"

"@aws-sdk/middleware-serde@3.4.0":
  version "3.4.0"
  resolved "https://registry.yarnpkg.com/@aws-sdk/middleware-serde/-/middleware-serde-3.4.0.tgz#dc4829f075f56a59c0ae98e0065b55803d29ec11"
  integrity sha512-3n0UAtwDlS/QhOfrk4ByrtZrlqw2gwzuDnBZ/GTUIXAy93Kclfoo+FKBGQfvta1Z9p5ShKFNRr99M8nYgvZNXg==
  dependencies:
    "@aws-sdk/types" "3.4.0"
    tslib "^1.8.0"

"@aws-sdk/middleware-signing@3.4.0":
  version "3.4.0"
  resolved "https://registry.yarnpkg.com/@aws-sdk/middleware-signing/-/middleware-signing-3.4.0.tgz#d73879c74e947fb5ab422d4512f8f421750a9958"
  integrity sha512-ZeAtVNIT+6q1+GTGbKbM0DxkZPVGPhM+ERNOrBWPGeOlf5WEOSjoz2P0PCwZVNofhnW3nQCA5QENiOeF6sPGZA==
  dependencies:
    "@aws-sdk/protocol-http" "3.4.0"
    "@aws-sdk/signature-v4" "3.4.0"
    "@aws-sdk/types" "3.4.0"
    tslib "^1.8.0"

"@aws-sdk/middleware-stack@3.4.0":
  version "3.4.0"
  resolved "https://registry.yarnpkg.com/@aws-sdk/middleware-stack/-/middleware-stack-3.4.0.tgz#9b22f02b4ea1a74ee582974c18b1a83c1f0d3910"
  integrity sha512-rXZwyM6I3+VJoiltDnFu8T1Wvn0y81zvLeCwWGyD+5iuoTBnPylE/qZN+mN86rrSt90lVDPizM3qe82rP1ameA==
  dependencies:
    tslib "^1.8.0"

"@aws-sdk/middleware-user-agent@3.4.0":
  version "3.4.0"
  resolved "https://registry.yarnpkg.com/@aws-sdk/middleware-user-agent/-/middleware-user-agent-3.4.0.tgz#a36b20bbb6802340062cbbcd7600ed80c0486f27"
  integrity sha512-iDhIGJALtJhVThjHCfTmViUljA337sDRubLH0nKZFwAD3hym+5Sievpip47uyAORG7XgJfIehDq1Nf3VSD29og==
  dependencies:
    "@aws-sdk/protocol-http" "3.4.0"
    "@aws-sdk/types" "3.4.0"
    tslib "^1.8.0"

"@aws-sdk/node-config-provider@3.4.0":
  version "3.4.0"
  resolved "https://registry.yarnpkg.com/@aws-sdk/node-config-provider/-/node-config-provider-3.4.0.tgz#8f16b45f4ecb95ec5ac38d59f45c78b58586cb77"
  integrity sha512-801HxxgLQeGLMQfwtl9j36SIunp4Rifgb5r6IrI2KNLTTSH+Cd4OJdOcse5kQZk/RQoISPuYp6m9GH22o+G5mA==
  dependencies:
    "@aws-sdk/property-provider" "3.4.0"
    "@aws-sdk/shared-ini-file-loader" "3.4.0"
    "@aws-sdk/types" "3.4.0"
    tslib "^1.8.0"

"@aws-sdk/node-http-handler@3.4.0":
  version "3.4.0"
  resolved "https://registry.yarnpkg.com/@aws-sdk/node-http-handler/-/node-http-handler-3.4.0.tgz#9fc47b6b81bde89c0fad6c40bbb6dac18e30e937"
  integrity sha512-60BmN2WAc+twUvwN0hyYmfS0XpLiCywoTztaxcKibMfismDBF43IdyII6Bb0WBRVaIGQOAA6UvJW0RRnUlvbGQ==
  dependencies:
    "@aws-sdk/abort-controller" "3.4.0"
    "@aws-sdk/protocol-http" "3.4.0"
    "@aws-sdk/querystring-builder" "3.4.0"
    "@aws-sdk/types" "3.4.0"
    tslib "^1.8.0"

"@aws-sdk/property-provider@3.4.0":
  version "3.4.0"
  resolved "https://registry.yarnpkg.com/@aws-sdk/property-provider/-/property-provider-3.4.0.tgz#7cf5193bbfb208a36f6ae608ed1a91b156869fe8"
  integrity sha512-fJSF8mUZcwGfOUXvFw6oeJU7HVZ8EuuTi02O2PMuZ2bwGcW/RqktXHo2ZDT7iE02mVhw6uc7aOxR9pvkNTVO1w==
  dependencies:
    "@aws-sdk/types" "3.4.0"
    tslib "^1.8.0"

"@aws-sdk/protocol-http@3.4.0":
  version "3.4.0"
  resolved "https://registry.yarnpkg.com/@aws-sdk/protocol-http/-/protocol-http-3.4.0.tgz#26d87e8dd2596a7c8da2b6a01fc6bb09db3fbaa0"
  integrity sha512-688dCZuRXspZaoVaqXVVvpKSxyIxvBddHKkCovdBddDLHhYnzDR+U06n2VF93Jr0O/uB9JTH+c3dm6AAIoYeDQ==
  dependencies:
    "@aws-sdk/types" "3.4.0"
    tslib "^1.8.0"

"@aws-sdk/querystring-builder@3.4.0":
  version "3.4.0"
  resolved "https://registry.yarnpkg.com/@aws-sdk/querystring-builder/-/querystring-builder-3.4.0.tgz#e0b9273d518af89ad10c96221e575b48035a960c"
  integrity sha512-Ts8xd2xkJ7hrJxa0J9Y4pX0Jtwr3w3TJSYCVXXrdi8QNaCFfK2x8F+fn8+4T/RMgaPGejGddiFa8h0ErZK+aeQ==
  dependencies:
    "@aws-sdk/types" "3.4.0"
    "@aws-sdk/util-uri-escape" "3.4.0"
    tslib "^1.8.0"

"@aws-sdk/querystring-parser@3.4.0":
  version "3.4.0"
  resolved "https://registry.yarnpkg.com/@aws-sdk/querystring-parser/-/querystring-parser-3.4.0.tgz#35441763f3b899ab020d5e8da20c7aea0810ac0a"
  integrity sha512-Z2vQAmRv/GP2++yPLJHgVAdXNTuQzAdRwyf0lhJo2vGiH5JCxsCewc3T2NZogyvqngFLYGjiqg05Anv0vGcPfg==
  dependencies:
    "@aws-sdk/types" "3.4.0"
    tslib "^1.8.0"

"@aws-sdk/service-error-classification@3.4.0":
  version "3.4.0"
  resolved "https://registry.yarnpkg.com/@aws-sdk/service-error-classification/-/service-error-classification-3.4.0.tgz#2fbf7dde6e44c2ab5d202676a998add951d4c172"
  integrity sha512-NLkSCikB7s5VqQ/aeEu135puFKsevlUQtBQC3yHhaZkZ+myH+euBNqZDTB5+IF7t4x4xJeqCEMllCcsUmwASCQ==

"@aws-sdk/shared-ini-file-loader@3.4.0":
  version "3.4.0"
  resolved "https://registry.yarnpkg.com/@aws-sdk/shared-ini-file-loader/-/shared-ini-file-loader-3.4.0.tgz#87ad81972d45f39dbf548b75671cc35f3f5565e2"
  integrity sha512-4fsagKoWa8LpT4r/sF5ETBnKj+fJHhjgqjS8NZ76fq0Utb5QbdRen4Hgn200+jcIw5OxwCtephF8f+jtT/fbSA==
  dependencies:
    tslib "^1.8.0"

"@aws-sdk/signature-v4@3.4.0":
  version "3.4.0"
  resolved "https://registry.yarnpkg.com/@aws-sdk/signature-v4/-/signature-v4-3.4.0.tgz#b783dcc6d03644ed4b9275e774285d0eb50939bb"
  integrity sha512-B08OOPPErTtiywIR9DeyCFQI8JSbXZYh8Sr3w3IKS2F1Gc2x32o1tdjbIHt1nm5mKV/wnVKlL7lQpQJCdnc71g==
  dependencies:
    "@aws-sdk/is-array-buffer" "3.4.0"
    "@aws-sdk/types" "3.4.0"
    "@aws-sdk/util-hex-encoding" "3.4.0"
    "@aws-sdk/util-uri-escape" "3.4.0"
    tslib "^1.8.0"

"@aws-sdk/smithy-client@3.4.0":
  version "3.4.0"
  resolved "https://registry.yarnpkg.com/@aws-sdk/smithy-client/-/smithy-client-3.4.0.tgz#f1a4a173edf3663c1bb6f9858f44f93202dcb242"
  integrity sha512-5waJ8ylr5YOJeYdmBmO4XIFVc0D/7MX7PKxAEFC02dTEPRHfHnQXdWHYQOMpoX+75tR235Ts67/OOXBVoRRGHg==
  dependencies:
    "@aws-sdk/middleware-stack" "3.4.0"
    "@aws-sdk/types" "3.4.0"
    tslib "^1.8.0"

"@aws-sdk/types@3.4.0", "@aws-sdk/types@^3.1.0":
  version "3.4.0"
  resolved "https://registry.yarnpkg.com/@aws-sdk/types/-/types-3.4.0.tgz#614327d882e7de8db0338de7fc1a139908aead59"
  integrity sha512-IXXnTujY2NtC/5vCz7+6Ks7uG+0FS+G4jggta6t4Yj/HWZleQe81wvix6NV1PGKiMMHYVu/yYgVGUs/2sq6ztw==

"@aws-sdk/url-parser-native@3.4.0":
  version "3.4.0"
  resolved "https://registry.yarnpkg.com/@aws-sdk/url-parser-native/-/url-parser-native-3.4.0.tgz#00fa6f9de421373527f19d944d08e6563bc819c9"
  integrity sha512-sZusIUqf2FgfdDtjVi5yW5ilGn8kGHG5RIPbgqExi6+/vFDW1IRnxkXVCQJrazzSOhsuba4KxlrrqGuIDhVCpQ==
  dependencies:
    "@aws-sdk/querystring-parser" "3.4.0"
    "@aws-sdk/types" "3.4.0"
    tslib "^1.8.0"
    url "^0.11.0"

"@aws-sdk/url-parser@3.4.0":
  version "3.4.0"
  resolved "https://registry.yarnpkg.com/@aws-sdk/url-parser/-/url-parser-3.4.0.tgz#1344718d4cf2f0362b7c0b023438e92596c0b9ac"
  integrity sha512-kGCdkJcw2WAtRWRQOFnoCoJtl8Bg8VPU3STww6riUsQ4MAqy/Pw3fRW0czN+xuxOlI9XkUPy12ghnkErHu6scQ==
  dependencies:
    "@aws-sdk/querystring-parser" "3.4.0"
    "@aws-sdk/types" "3.4.0"
    tslib "^1.8.0"

"@aws-sdk/util-base64-browser@3.4.0":
  version "3.4.0"
  resolved "https://registry.yarnpkg.com/@aws-sdk/util-base64-browser/-/util-base64-browser-3.4.0.tgz#9b732d298bd9488687d3cb2705f8c9c8bd55c3e7"
  integrity sha512-JjxXbGVwyPlrpCV5tFLl4z12u+d+MgHuNDROnjmJr4GYDg7Bp1ai3UdxB46VDipIzrzItbuW2Nr28Ql3YxkoXg==
  dependencies:
    tslib "^1.8.0"

"@aws-sdk/util-base64-node@3.4.0":
  version "3.4.0"
  resolved "https://registry.yarnpkg.com/@aws-sdk/util-base64-node/-/util-base64-node-3.4.0.tgz#04f364af61edcfcead89e97c23a1fbac89c4ca83"
  integrity sha512-VXK7Sy0dRFgrmoB0E6IFoWUdW37Fx8IOV0Gmtp780fAWg3ARVW4A1NGPUCh04BAjhl6xio7az29uGW3ZNyWSLw==
  dependencies:
    "@aws-sdk/util-buffer-from" "3.4.0"
    tslib "^1.8.0"

"@aws-sdk/util-body-length-browser@3.4.0":
  version "3.4.0"
  resolved "https://registry.yarnpkg.com/@aws-sdk/util-body-length-browser/-/util-body-length-browser-3.4.0.tgz#1bba19ce36b5c7e8286457216e1d27cc7cac7b34"
  integrity sha512-ntH6XrVL4RAXN9lLvSKLnR5nCBMRhtxgDNlzRSlXb1Gij/UVGWovOa5AvPO6B4y+Ceq9L50Bttu1OoKyi+CFPw==
  dependencies:
    tslib "^1.8.0"

"@aws-sdk/util-body-length-node@3.4.0":
  version "3.4.0"
  resolved "https://registry.yarnpkg.com/@aws-sdk/util-body-length-node/-/util-body-length-node-3.4.0.tgz#63044399a00930a6d95228cdd615bfc06f95d645"
  integrity sha512-eOKm2dy6H8NKUUtKVwt64krVmK5RtkDQ5haq4GPolmBSzoM4I8F9GAqhht0HRXa3+0L4A6qaQ+bBSLTs2YbfiA==
  dependencies:
    tslib "^1.8.0"

"@aws-sdk/util-buffer-from@3.4.0":
  version "3.4.0"
  resolved "https://registry.yarnpkg.com/@aws-sdk/util-buffer-from/-/util-buffer-from-3.4.0.tgz#b34db383496f85edbefdf86311e62b6c9e59a24c"
  integrity sha512-JAGp1xFyxBo5t7MtTyDniwzi8sNeUvK4OVgOiQEBV7gmGM098i7+NwJjgcaWSyAe4v/BvKmwchSkjmccKHkMyg==
  dependencies:
    "@aws-sdk/is-array-buffer" "3.4.0"
    tslib "^1.8.0"

"@aws-sdk/util-hex-encoding@3.4.0":
  version "3.4.0"
  resolved "https://registry.yarnpkg.com/@aws-sdk/util-hex-encoding/-/util-hex-encoding-3.4.0.tgz#13feec66fe05e340bd7be465236ef950f5706ee8"
  integrity sha512-PlCNsa3CGJCHwwp09jB3J9W9zfh7t+6Fszic4+nZOo1W6iIzpXm+KxLa8PSSun9+OZ1T6GDIPqAIoaCLaYd6eg==
  dependencies:
    tslib "^1.8.0"

"@aws-sdk/util-locate-window@^3.0.0":
  version "3.4.0"
  resolved "https://registry.yarnpkg.com/@aws-sdk/util-locate-window/-/util-locate-window-3.4.0.tgz#13ac23f00a03cef65bd02eadea45de262e85c04b"
  integrity sha512-S2ngjd5ZaHEJYAJpbLpbszyJqweJ1NXRPxNIKGIZ+NWkKpKSIz35dRvh3cLMepFhBIxGwelhWnIPWuex3lsG6A==
  dependencies:
    tslib "^1.8.0"

"@aws-sdk/util-uri-escape@3.4.0":
  version "3.4.0"
  resolved "https://registry.yarnpkg.com/@aws-sdk/util-uri-escape/-/util-uri-escape-3.4.0.tgz#0167880f98b354cca30a5420ff5d57f6901663e5"
  integrity sha512-hyShi4hyyCZHdrQ5yfsq+wAhEW4TreiA15/0tjLWiImSQ+UJpesGDckx6rzFzXyWlJ1suE2oXe6FCTWbtwjNpQ==
  dependencies:
    tslib "^1.8.0"

"@aws-sdk/util-user-agent-browser@3.4.0":
  version "3.4.0"
  resolved "https://registry.yarnpkg.com/@aws-sdk/util-user-agent-browser/-/util-user-agent-browser-3.4.0.tgz#4c504badc25204e76c1151b64335363dff934696"
  integrity sha512-z9+PhSz7IwVvPu7z6V2164j+iM/l7s1uueP+6d2R3lPLMkFe1nG5kMj3C2EFBuDcwzDVqWl2mXfs/F7r/NHDqQ==
  dependencies:
    "@aws-sdk/types" "3.4.0"
    bowser "^2.11.0"
    tslib "^1.8.0"

"@aws-sdk/util-user-agent-node@3.4.0":
  version "3.4.0"
  resolved "https://registry.yarnpkg.com/@aws-sdk/util-user-agent-node/-/util-user-agent-node-3.4.0.tgz#37a1f1e2a674c4af98ebd7244aa628fed9c501fd"
  integrity sha512-I9UDPWWHV/J4VGBEk1gAqXK0VhXaHKQKzuborhDlZFABk6oZM7BsBf1l5QUWHdEJk/ysbAapvZNOIiqLs8HxkQ==
  dependencies:
    "@aws-sdk/node-config-provider" "3.4.0"
    "@aws-sdk/types" "3.4.0"
    tslib "^1.8.0"

"@aws-sdk/util-utf8-browser@3.4.0", "@aws-sdk/util-utf8-browser@^3.0.0":
  version "3.4.0"
  resolved "https://registry.yarnpkg.com/@aws-sdk/util-utf8-browser/-/util-utf8-browser-3.4.0.tgz#e34e66b186f9df16de4d0fa6ad98c7e31de47b32"
  integrity sha512-oQMCPYdn8+NA96c7PT6ZzvQ/TDpi2Q7wZ5cb8x14WFeGd7AnSR7o4KbSgdi2DE2cYBJbVz+fsHvscTaf6caOyw==
  dependencies:
    tslib "^1.8.0"

"@aws-sdk/util-utf8-node@3.4.0":
  version "3.4.0"
  resolved "https://registry.yarnpkg.com/@aws-sdk/util-utf8-node/-/util-utf8-node-3.4.0.tgz#9b37fc52dbc98b8304d11e61d0246e27641b69c3"
  integrity sha512-c1qOcpCU/tPOE5xqAVsPArPkSdz5s0c8nIbCetAlWmCfw9KvlmTl4CalT3GtBrj1vQDVuribEvEPdDaFzKgykg==
  dependencies:
    "@aws-sdk/util-buffer-from" "3.4.0"
    tslib "^1.8.0"

"@aws-sdk/util-waiter@3.4.0":
  version "3.4.0"
  resolved "https://registry.yarnpkg.com/@aws-sdk/util-waiter/-/util-waiter-3.4.0.tgz#08b071720619609ad259277ece218bf272f2c134"
  integrity sha512-5vATSqmzxU905t7SFB+rR/Vj04wK2CCqx6khWqEoJEJdJXNH+/FNzHX2FCEoctbUac8GE71GpQBsOzxk8lxquA==
  dependencies:
    "@aws-sdk/abort-controller" "3.4.0"
    "@aws-sdk/types" "3.4.0"
    tslib "^1.8.0"

"@types/node@12.7.5":
  version "12.7.5"
  resolved "https://registry.yarnpkg.com/@types/node/-/node-12.7.5.tgz#e19436e7f8e9b4601005d73673b6dc4784ffcc2f"
  integrity sha512-9fq4jZVhPNW8r+UYKnxF1e2HkDWOWKM5bC2/7c9wPV835I0aOrVbS/Hw/pWPk2uKrNXQqg9Z959Kz+IYDd5p3w==

arg@^4.1.0:
  version "4.1.3"
  resolved "https://registry.yarnpkg.com/arg/-/arg-4.1.3.tgz#269fc7ad5b8e42cb63c896d5666017261c144089"
  integrity sha512-58S9QDqG0Xx27YwPSt9fJxivjYl432YCwfDMfZ+71RAqUrZef7LrKQZ3LHLOwCS4FLNBplP533Zx895SeOCHvA==

balanced-match@^1.0.0:
  version "1.0.0"
  resolved "https://registry.yarnpkg.com/balanced-match/-/balanced-match-1.0.0.tgz#89b4d199ab2bee49de164ea02b89ce462d71b767"
  integrity sha1-ibTRmasr7kneFk6gK4nORi1xt2c=

bowser@^2.11.0:
  version "2.11.0"
  resolved "https://registry.yarnpkg.com/bowser/-/bowser-2.11.0.tgz#5ca3c35757a7aa5771500c70a73a9f91ef420a8f"
  integrity sha512-AlcaJBi/pqqJBIQ8U9Mcpc9i8Aqxn88Skv5d+xBX006BY5u8N3mGLHa5Lgppa7L/HfwgwLgZ6NYs+Ag6uUmJRA==

brace-expansion@^1.1.7:
  version "1.1.11"
  resolved "https://registry.yarnpkg.com/brace-expansion/-/brace-expansion-1.1.11.tgz#3c7fcbf529d87226f3d2f52b966ff5271eb441dd"
  integrity sha512-iCuPHDFgrHX7H2vEI/5xpz07zSHB00TpugqhmYtVmMO6518mCuRMoOYFldEBl0g187ufozdaHgWKcYFb61qGiA==
  dependencies:
    balanced-match "^1.0.0"
    concat-map "0.0.1"

buffer-from@^1.0.0:
  version "1.1.1"
  resolved "https://registry.yarnpkg.com/buffer-from/-/buffer-from-1.1.1.tgz#32713bc028f75c02fdb710d7c7bcec1f2c6070ef"
  integrity sha512-MQcXEUbCKtEo7bhqEs6560Hyd4XaovZlO/k9V3hjVUF/zwW7KBVdSK4gIt/bzwS9MbR5qob+F5jusZsb0YQK2A==

concat-map@0.0.1:
  version "0.0.1"
  resolved "https://registry.yarnpkg.com/concat-map/-/concat-map-0.0.1.tgz#d8a96bd77fd68df7793a73036a3ba0d5405d477b"
  integrity sha1-2Klr13/Wjfd5OnMDajug1UBdR3s=

diff@^4.0.1:
  version "4.0.2"
  resolved "https://registry.yarnpkg.com/diff/-/diff-4.0.2.tgz#60f3aecb89d5fae520c11aa19efc2bb982aade7d"
  integrity sha512-58lmxKSA4BNyLz+HHMUzlOEpg09FV+ev6ZMe3vJihgdxzgcwZ8VoEEPmALCZG9LmqfVoNMMKpttIYTVG6uDY7A==

downlevel-dts@^0.7.0:
  version "0.7.0"
  resolved "https://registry.yarnpkg.com/downlevel-dts/-/downlevel-dts-0.7.0.tgz#155c24310dad8a4820ad077e64b15a8c461aa932"
  integrity sha512-tcjGqElN0/oad/LJBlaxmZ3zOYEQOBbGuirKzif8s1jeRiWBdNX9H6OBFlRjOQkosXgV+qSjs4osuGCivyZ4Jw==
  dependencies:
    semver "^7.3.2"
    shelljs "^0.8.3"
    typescript "^4.1.0-dev.20201026"

fast-base64-decode@^1.0.0:
  version "1.0.0"
  resolved "https://registry.yarnpkg.com/fast-base64-decode/-/fast-base64-decode-1.0.0.tgz#b434a0dd7d92b12b43f26819300d2dafb83ee418"
  integrity sha512-qwaScUgUGBYeDNRnbc/KyllVU88Jk1pRHPStuF/lO7B0/RTRLj7U0lkdTAutlBblY08rwZDff6tNU9cjv6j//Q==

fs.realpath@^1.0.0:
  version "1.0.0"
  resolved "https://registry.yarnpkg.com/fs.realpath/-/fs.realpath-1.0.0.tgz#1504ad2523158caa40db4a2787cb01411994ea4f"
  integrity sha1-FQStJSMVjKpA20onh8sBQRmU6k8=

function-bind@^1.1.1:
  version "1.1.1"
  resolved "https://registry.yarnpkg.com/function-bind/-/function-bind-1.1.1.tgz#a56899d3ea3c9bab874bb9773b7c5ede92f4895d"
  integrity sha512-yIovAzMX49sF8Yl58fSCWJ5svSLuaibPxXQJFLmBObTuCr0Mf1KiPopGM9NiFjiYBCbfaa2Fh6breQ6ANVTI0A==

glob@^7.0.0, glob@^7.1.3:
  version "7.1.6"
  resolved "https://registry.yarnpkg.com/glob/-/glob-7.1.6.tgz#141f33b81a7c2492e125594307480c46679278a6"
  integrity sha512-LwaxwyZ72Lk7vZINtNNrywX0ZuLyStrdDtabefZKAY5ZGJhVtgdznluResxNmPitE0SAO+O26sWTHeKSI2wMBA==
  dependencies:
    fs.realpath "^1.0.0"
    inflight "^1.0.4"
    inherits "2"
    minimatch "^3.0.4"
    once "^1.3.0"
    path-is-absolute "^1.0.0"

has@^1.0.3:
  version "1.0.3"
  resolved "https://registry.yarnpkg.com/has/-/has-1.0.3.tgz#722d7cbfc1f6aa8241f16dd814e011e1f41e8796"
  integrity sha512-f2dvO0VU6Oej7RkWJGrehjbzMAjFp5/VKPp5tTpWIV4JHHZK1/BxbFRtf/siA2SWTe09caDmVtYYzWEIbBS4zw==
  dependencies:
    function-bind "^1.1.1"

inflight@^1.0.4:
  version "1.0.6"
  resolved "https://registry.yarnpkg.com/inflight/-/inflight-1.0.6.tgz#49bd6331d7d02d0c09bc910a1075ba8165b56df9"
  integrity sha1-Sb1jMdfQLQwJvJEKEHW6gWW1bfk=
  dependencies:
    once "^1.3.0"
    wrappy "1"

inherits@2:
  version "2.0.4"
  resolved "https://registry.yarnpkg.com/inherits/-/inherits-2.0.4.tgz#0fa2c64f932917c3433a0ded55363aae37416b7c"
  integrity sha512-k/vGaX4/Yla3WzyMCvTQOXYeIHvqOKtnqBduzTHpzpQZzAskKMhZ2K+EnBiSM9zGSoIFeMpXKxa4dYeZIQqewQ==

interpret@^1.0.0:
  version "1.4.0"
  resolved "https://registry.yarnpkg.com/interpret/-/interpret-1.4.0.tgz#665ab8bc4da27a774a40584e812e3e0fa45b1a1e"
  integrity sha512-agE4QfB2Lkp9uICn7BAqoscw4SZP9kTE2hxiFI3jBPmXJfdqiahTbUuKGsMoN2GtqL9AxhYioAcVvgsb1HvRbA==

is-core-module@^2.1.0:
  version "2.2.0"
  resolved "https://registry.yarnpkg.com/is-core-module/-/is-core-module-2.2.0.tgz#97037ef3d52224d85163f5597b2b63d9afed981a"
  integrity sha512-XRAfAdyyY5F5cOXn7hYQDqh2Xmii+DEfIcQGxK/uNwMHhIkPWO0g8msXcbzLe+MpGoR951MlqM/2iIlU4vKDdQ==
  dependencies:
    has "^1.0.3"

lru-cache@^6.0.0:
  version "6.0.0"
  resolved "https://registry.yarnpkg.com/lru-cache/-/lru-cache-6.0.0.tgz#6d6fe6570ebd96aaf90fcad1dafa3b2566db3a94"
  integrity sha512-Jo6dJ04CmSjuznwJSS3pUeWmd/H0ffTlkXXgwZi+eq1UCmqQwCh+eLsYOYCwY991i2Fah4h1BEMCx4qThGbsiA==
  dependencies:
    yallist "^4.0.0"

make-error@^1.1.1:
  version "1.3.6"
  resolved "https://registry.yarnpkg.com/make-error/-/make-error-1.3.6.tgz#2eb2e37ea9b67c4891f684a1394799af484cf7a2"
  integrity sha512-s8UhlNe7vPKomQhC1qFelMokr/Sc3AgNbso3n74mVPA5LTZwkB9NlXf4XPamLxJE8h0gh73rM94xvwRT2CVInw==

minimatch@^3.0.4:
  version "3.0.4"
  resolved "https://registry.yarnpkg.com/minimatch/-/minimatch-3.0.4.tgz#5166e286457f03306064be5497e8dbb0c3d32083"
  integrity sha512-yJHVQEhyqPLUTgt9B83PXu6W3rx4MvvHvSUvToogpwoGDOUQ+yDrR0HRot+yOCdCO7u4hX3pWft6kWBBcqh0UA==
  dependencies:
    brace-expansion "^1.1.7"

once@^1.3.0:
  version "1.4.0"
  resolved "https://registry.yarnpkg.com/once/-/once-1.4.0.tgz#583b1aa775961d4b113ac17d9c50baef9dd76bd1"
  integrity sha1-WDsap3WWHUsROsF9nFC6753Xa9E=
  dependencies:
    wrappy "1"

path-is-absolute@^1.0.0:
  version "1.0.1"
  resolved "https://registry.yarnpkg.com/path-is-absolute/-/path-is-absolute-1.0.1.tgz#174b9268735534ffbc7ace6bf53a5a9e1b5c5f5f"
  integrity sha1-F0uSaHNVNP+8es5r9TpanhtcX18=

path-parse@^1.0.6:
  version "1.0.6"
  resolved "https://registry.yarnpkg.com/path-parse/-/path-parse-1.0.6.tgz#d62dbb5679405d72c4737ec58600e9ddcf06d24c"
  integrity sha512-GSmOT2EbHrINBf9SR7CDELwlJ8AENk3Qn7OikK4nFYAu3Ote2+JYNVvkpAEQm3/TLNEJFD/xZJjzyxg3KBWOzw==

punycode@1.3.2:
  version "1.3.2"
  resolved "https://registry.yarnpkg.com/punycode/-/punycode-1.3.2.tgz#9653a036fb7c1ee42342f2325cceefea3926c48d"
  integrity sha1-llOgNvt8HuQjQvIyXM7v6jkmxI0=

querystring@0.2.0:
  version "0.2.0"
  resolved "https://registry.yarnpkg.com/querystring/-/querystring-0.2.0.tgz#b209849203bb25df820da756e747005878521620"
  integrity sha1-sgmEkgO7Jd+CDadW50cAWHhSFiA=

react-native-get-random-values@^1.4.0:
  version "1.5.1"
  resolved "https://registry.yarnpkg.com/react-native-get-random-values/-/react-native-get-random-values-1.5.1.tgz#f335a37c09a4892deaf40187e73a888e14e82d60"
  integrity sha512-L76sTcz3jdFmc7Gn41SHOxCioYY3m4rtuWEUI6X8IeWVmkflHXrSyAObOW4eNTM5qytH+45pgMCVKJzfB/Ik4A==
  dependencies:
    fast-base64-decode "^1.0.0"

rechoir@^0.6.2:
  version "0.6.2"
  resolved "https://registry.yarnpkg.com/rechoir/-/rechoir-0.6.2.tgz#85204b54dba82d5742e28c96756ef43af50e3384"
  integrity sha1-hSBLVNuoLVdC4oyWdW70OvUOM4Q=
  dependencies:
    resolve "^1.1.6"

resolve@^1.1.6:
  version "1.19.0"
  resolved "https://registry.yarnpkg.com/resolve/-/resolve-1.19.0.tgz#1af5bf630409734a067cae29318aac7fa29a267c"
  integrity sha512-rArEXAgsBG4UgRGcynxWIWKFvh/XZCcS8UJdHhwy91zwAvCZIbcs+vAbflgBnNjYMs/i/i+/Ux6IZhML1yPvxg==
  dependencies:
    is-core-module "^2.1.0"
    path-parse "^1.0.6"

rimraf@^3.0.0:
  version "3.0.2"
  resolved "https://registry.yarnpkg.com/rimraf/-/rimraf-3.0.2.tgz#f1a5402ba6220ad52cc1282bac1ae3aa49fd061a"
  integrity sha512-JZkJMZkAGFFPP2YqXZXPbMlMBgsxzE8ILs4lMIX/2o0L9UBw9O/Y3o6wFw/i9YLapcUJWwqbi3kdxIPdC62TIA==
  dependencies:
    glob "^7.1.3"

semver@^7.3.2:
  version "7.3.4"
  resolved "https://registry.yarnpkg.com/semver/-/semver-7.3.4.tgz#27aaa7d2e4ca76452f98d3add093a72c943edc97"
  integrity sha512-tCfb2WLjqFAtXn4KEdxIhalnRtoKFN7nAwj0B3ZXCbQloV2tq5eDbcTmT68JJD3nRJq24/XgxtQKFIpQdtvmVw==
  dependencies:
    lru-cache "^6.0.0"

shelljs@^0.8.3:
  version "0.8.4"
  resolved "https://registry.yarnpkg.com/shelljs/-/shelljs-0.8.4.tgz#de7684feeb767f8716b326078a8a00875890e3c2"
  integrity sha512-7gk3UZ9kOfPLIAbslLzyWeGiEqx9e3rxwZM0KE6EL8GlGwjym9Mrlx5/p33bWTu9YG6vcS4MBxYZDHYr5lr8BQ==
  dependencies:
    glob "^7.0.0"
    interpret "^1.0.0"
    rechoir "^0.6.2"

source-map-support@^0.5.17:
  version "0.5.19"
  resolved "https://registry.yarnpkg.com/source-map-support/-/source-map-support-0.5.19.tgz#a98b62f86dcaf4f67399648c085291ab9e8fed61"
  integrity sha512-Wonm7zOCIJzBGQdB+thsPar0kYuCIzYvxZwlBa87yi/Mdjv7Tip2cyVbLj5o0cFPN4EVkuTwb3GDDyUx2DGnGw==
  dependencies:
    buffer-from "^1.0.0"
    source-map "^0.6.0"

source-map@^0.6.0:
  version "0.6.1"
  resolved "https://registry.yarnpkg.com/source-map/-/source-map-0.6.1.tgz#74722af32e9614e9c287a8d0bbde48b5e2f1a263"
  integrity sha512-UjgapumWlbMhkBgzT7Ykc5YXUT46F0iKu8SGXq0bcwP5dz/h0Plj6enJqjz1Zbq2l5WaqYnrVbwWOWMyF3F47g==

ts-node@^8.10.1:
  version "8.10.2"
  resolved "https://registry.yarnpkg.com/ts-node/-/ts-node-8.10.2.tgz#eee03764633b1234ddd37f8db9ec10b75ec7fb8d"
  integrity sha512-ISJJGgkIpDdBhWVu3jufsWpK3Rzo7bdiIXJjQc0ynKxVOVcg2oIrf2H2cejminGrptVc6q6/uynAHNCuWGbpVA==
  dependencies:
    arg "^4.1.0"
    diff "^4.0.1"
    make-error "^1.1.1"
    source-map-support "^0.5.17"
    yn "3.1.1"

tslib@^1.11.1, tslib@^1.8.0:
  version "1.14.1"
  resolved "https://registry.yarnpkg.com/tslib/-/tslib-1.14.1.tgz#cf2d38bdc34a134bcaf1091c41f6619e2f672d00"
  integrity sha512-Xni35NKzjgMrwevysHTCArtLDpPvye8zV/0E4EyYn43P7/7qvQwPh9BGkHewbMulVntbigmcT7rdX3BNo9wRJg==

tslib@^2.0.0:
  version "2.1.0"
  resolved "https://registry.yarnpkg.com/tslib/-/tslib-2.1.0.tgz#da60860f1c2ecaa5703ab7d39bc05b6bf988b97a"
  integrity sha512-hcVC3wYEziELGGmEEXue7D75zbwIIVUMWAVbHItGPx0ziyXxrOMQx4rQEVEV45Ut/1IotuEvwqPopzIOkDMf0A==

typescript@^4.1.0-dev.20201026, typescript@~4.1.2:
  version "4.1.3"
  resolved "https://registry.yarnpkg.com/typescript/-/typescript-4.1.3.tgz#519d582bd94cba0cf8934c7d8e8467e473f53bb7"
  integrity sha512-B3ZIOf1IKeH2ixgHhj6la6xdwR9QrLC5d1VKeCSY4tvkqhF2eqd9O7txNlS0PO3GrBAFIdr3L1ndNwteUbZLYg==

url@^0.11.0:
  version "0.11.0"
  resolved "https://registry.yarnpkg.com/url/-/url-0.11.0.tgz#3838e97cfc60521eb73c525a8e55bfdd9e2e28f1"
  integrity sha1-ODjpfPxgUh63PFJajlW/3Z4uKPE=
  dependencies:
    punycode "1.3.2"
    querystring "0.2.0"

uuid@^3.0.0:
  version "3.4.0"
  resolved "https://registry.yarnpkg.com/uuid/-/uuid-3.4.0.tgz#b23e4358afa8a202fe7a100af1f5f883f02007ee"
  integrity sha512-HjSDRw6gZE5JMggctHBcjVak08+KEVhSIiDzFnT9S9aegmp85S/bReBVTb4QTFaRNptJ9kuYaNhnbNEOkbKb/A==

wrappy@1:
  version "1.0.2"
  resolved "https://registry.yarnpkg.com/wrappy/-/wrappy-1.0.2.tgz#b5243d8f3ec1aa35f1364605bc0d1036e30ab69f"
  integrity sha1-tSQ9jz7BqjXxNkYFvA0QNuMKtp8=

yallist@^4.0.0:
  version "4.0.0"
  resolved "https://registry.yarnpkg.com/yallist/-/yallist-4.0.0.tgz#9bb92790d9c0effec63be73519e11a35019a3a72"
  integrity sha512-3wdGidZyq5PB084XLES5TpOSRA3wjXAlIWMhum2kRcv/41Sn2emQ0dycQW4uZXLejwKvg6EsvbdlVL+FYEct7A==

yn@3.1.1:
  version "3.1.1"
  resolved "https://registry.yarnpkg.com/yn/-/yn-3.1.1.tgz#1e87401a09d767c1d5eab26a6e4c185182d2eb50"
  integrity sha512-Ux4ygGWsu2c7isFWe8Yu1YluJmqVhxqK2cLXNQA5AcC3QfbGNpM7fu0Y8b/z16pXLnFxZYvWhd3fhBY9DLmC6Q==
